{
  "name": "nlw_connect_nodejs",
  "lockfileVersion": 3,
  "requires": true,
  "packages": {
    "": {
      "dependencies": {
        "@fastify/cors": "^10.0.2"
      }
    },
    "node_modules/@fastify/cors": {
      "version": "10.0.2",
      "resolved": "https://registry.npmjs.org/@fastify/cors/-/cors-10.0.2.tgz",
      "integrity": "sha512-DGdxOG36sS/tZv1NFiCJGi7wGuXOSPL2CmNX5PbOVKx0C6LuIALRMrqLByHTCcX1Rbl8NJ9IWlJex32bzydvlw==",
      "funding": [
        {
          "type": "github",
          "url": "https://github.com/sponsors/fastify"
        },
        {
          "type": "opencollective",
          "url": "https://opencollective.com/fastify"
        }
      ],
      "license": "MIT",
      "dependencies": {
        "fastify-plugin": "^5.0.0",
        "mnemonist": "0.39.8"
      }
    },
    "node_modules/fastify-plugin": {
      "version": "5.0.1",
      "resolved": "https://registry.npmjs.org/fastify-plugin/-/fastify-plugin-5.0.1.tgz",
      "integrity": "sha512-HCxs+YnRaWzCl+cWRYFnHmeRFyR5GVnJTAaCJQiYzQSDwK9MgJdyAsuL3nh0EWRCYMgQ5MeziymvmAhUHYHDUQ==",
      "license": "MIT"
    },
    "node_modules/mnemonist": {
      "version": "0.39.8",
      "resolved": "https://registry.npmjs.org/mnemonist/-/mnemonist-0.39.8.tgz",
      "integrity": "sha512-vyWo2K3fjrUw8YeeZ1zF0fy6Mu59RHokURlld8ymdUPjMlD9EC9ov1/YPqTgqRvUN9nTr3Gqfz29LYAmu0PHPQ==",
      "license": "MIT",
      "dependencies": {
        "obliterator": "^2.0.1"
      }
    },
    "node_modules/obliterator": {
      "version": "2.0.5",
      "resolved": "https://registry.npmjs.org/obliterator/-/obliterator-2.0.5.tgz",
      "integrity": "sha512-42CPE9AhahZRsMNslczq0ctAEtqk8Eka26QofnqC346BZdHDySk3LWka23LI7ULIw11NmltpiLagIq8gBozxTw==",
      "license": "MIT"
    }
  }
}
